
Microsoft Visual Studio Solution File, Format Version 12.00
# Visual Studio 2013
VisualStudioVersion = 12.0.40629.0
MinimumVisualStudioVersion = 10.0.40219.1
Project("{2150E333-8FDC-42A3-9474-1A3956D46DE8}") = "PropertyTypes", "PropertyTypes", "{26D0640B-478B-43F6-95E9-D36DAF060B43}"
EndProject
Project("{FAE04EC0-301F-11D3-BF4B-00C04F79EFBC}") = "CommonPropertyTypes", "Src\PropertyTypes\CommonPropertyTypes\CommonPropertyTypes.csproj", "{267695E4-247B-4089-BC6B-53062F46E41B}"
EndProject
Project("{FAE04EC0-301F-11D3-BF4B-00C04F79EFBC}") = "MailAddressPropertyType", "Src\PropertyTypes\MailAddressPropertyType\MailAddressPropertyType.csproj", "{926D7DED-8957-4621-B8A6-CB54157CAF59}"
EndProject
Project("{FAE04EC0-301F-11D3-BF4B-00C04F79EFBC}") = "JkCastEditor", "Src\PropertyTypes\JkCastEditor\JkCastEditor.csproj", "{F5C01644-9689-407E-B0B8-17FD3D99464E}"
EndProject
Project("{FAE04EC0-301F-11D3-BF4B-00C04F79EFBC}") = "SqlAccessor", "Src\SqlAccessor\SqlAccessor.csproj", "{5C013B70-9539-457D-BC2E-5E8A8FBF79D6}"
EndProject
Project("{FAE04EC0-301F-11D3-BF4B-00C04F79EFBC}") = "Foundation", "Src\Foundation\Foundation.csproj", "{CF3C5644-74B8-4E87-AC5C-7BE9D9707DC2}"
EndProject
Project("{FAE04EC0-301F-11D3-BF4B-00C04F79EFBC}") = "Tester", "Src\Tester\Tester.csproj", "{ACD74A50-99EE-4265-A7AF-A1AC7D61E9AA}"
EndProject
Global
	GlobalSection(SolutionConfigurationPlatforms) = preSolution
		Debug|Any CPU = Debug|Any CPU
		Debug|x86 = Debug|x86
		Release|Any CPU = Release|Any CPU
		Release|x86 = Release|x86
		withoutSqlPods|Any CPU = withoutSqlPods|Any CPU
		withoutSqlPods|x86 = withoutSqlPods|x86
	EndGlobalSection
	GlobalSection(ProjectConfigurationPlatforms) = postSolution
		{267695E4-247B-4089-BC6B-53062F46E41B}.Debug|Any CPU.ActiveCfg = Debug|Any CPU
		{267695E4-247B-4089-BC6B-53062F46E41B}.Debug|Any CPU.Build.0 = Debug|Any CPU
		{267695E4-247B-4089-BC6B-53062F46E41B}.Debug|x86.ActiveCfg = Debug|Any CPU
		{267695E4-247B-4089-BC6B-53062F46E41B}.Release|Any CPU.ActiveCfg = Release|Any CPU
		{267695E4-247B-4089-BC6B-53062F46E41B}.Release|Any CPU.Build.0 = Release|Any CPU
		{267695E4-247B-4089-BC6B-53062F46E41B}.Release|x86.ActiveCfg = Release|Any CPU
		{267695E4-247B-4089-BC6B-53062F46E41B}.withoutSqlPods|Any CPU.ActiveCfg = Release|Any CPU
		{267695E4-247B-4089-BC6B-53062F46E41B}.withoutSqlPods|Any CPU.Build.0 = Release|Any CPU
		{267695E4-247B-4089-BC6B-53062F46E41B}.withoutSqlPods|x86.ActiveCfg = Release|Any CPU
		{926D7DED-8957-4621-B8A6-CB54157CAF59}.Debug|Any CPU.ActiveCfg = Debug|Any CPU
		{926D7DED-8957-4621-B8A6-CB54157CAF59}.Debug|Any CPU.Build.0 = Debug|Any CPU
		{926D7DED-8957-4621-B8A6-CB54157CAF59}.Debug|x86.ActiveCfg = Debug|Any CPU
		{926D7DED-8957-4621-B8A6-CB54157CAF59}.Release|Any CPU.ActiveCfg = Release|Any CPU
		{926D7DED-8957-4621-B8A6-CB54157CAF59}.Release|Any CPU.Build.0 = Release|Any CPU
		{926D7DED-8957-4621-B8A6-CB54157CAF59}.Release|x86.ActiveCfg = Release|Any CPU
		{926D7DED-8957-4621-B8A6-CB54157CAF59}.withoutSqlPods|Any CPU.ActiveCfg = Release|Any CPU
		{926D7DED-8957-4621-B8A6-CB54157CAF59}.withoutSqlPods|Any CPU.Build.0 = Release|Any CPU
		{926D7DED-8957-4621-B8A6-CB54157CAF59}.withoutSqlPods|x86.ActiveCfg = Release|Any CPU
		{F5C01644-9689-407E-B0B8-17FD3D99464E}.Debug|Any CPU.ActiveCfg = Debug|Any CPU
		{F5C01644-9689-407E-B0B8-17FD3D99464E}.Debug|Any CPU.Build.0 = Debug|Any CPU
		{F5C01644-9689-407E-B0B8-17FD3D99464E}.Debug|x86.ActiveCfg = Debug|Any CPU
		{F5C01644-9689-407E-B0B8-17FD3D99464E}.Release|Any CPU.ActiveCfg = Release|Any CPU
		{F5C01644-9689-407E-B0B8-17FD3D99464E}.Release|Any CPU.Build.0 = Release|Any CPU
		{F5C01644-9689-407E-B0B8-17FD3D99464E}.Release|x86.ActiveCfg = Release|Any CPU
		{F5C01644-9689-407E-B0B8-17FD3D99464E}.withoutSqlPods|Any CPU.ActiveCfg = Release|Any CPU
		{F5C01644-9689-407E-B0B8-17FD3D99464E}.withoutSqlPods|Any CPU.Build.0 = Release|Any CPU
		{F5C01644-9689-407E-B0B8-17FD3D99464E}.withoutSqlPods|x86.ActiveCfg = Release|Any CPU
		{5C013B70-9539-457D-BC2E-5E8A8FBF79D6}.Debug|Any CPU.ActiveCfg = Debug|Any CPU
		{5C013B70-9539-457D-BC2E-5E8A8FBF79D6}.Debug|Any CPU.Build.0 = Debug|Any CPU
		{5C013B70-9539-457D-BC2E-5E8A8FBF79D6}.Debug|x86.ActiveCfg = Debug|Any CPU
		{5C013B70-9539-457D-BC2E-5E8A8FBF79D6}.Release|Any CPU.ActiveCfg = Release|Any CPU
		{5C013B70-9539-457D-BC2E-5E8A8FBF79D6}.Release|Any CPU.Build.0 = Release|Any CPU
		{5C013B70-9539-457D-BC2E-5E8A8FBF79D6}.Release|x86.ActiveCfg = Release|Any CPU
		{5C013B70-9539-457D-BC2E-5E8A8FBF79D6}.withoutSqlPods|Any CPU.ActiveCfg = Release|Any CPU
		{5C013B70-9539-457D-BC2E-5E8A8FBF79D6}.withoutSqlPods|Any CPU.Build.0 = Release|Any CPU
		{5C013B70-9539-457D-BC2E-5E8A8FBF79D6}.withoutSqlPods|x86.ActiveCfg = Release|Any CPU
		{CF3C5644-74B8-4E87-AC5C-7BE9D9707DC2}.Debug|Any CPU.ActiveCfg = Debug|Any CPU
		{CF3C5644-74B8-4E87-AC5C-7BE9D9707DC2}.Debug|Any CPU.Build.0 = Debug|Any CPU
		{CF3C5644-74B8-4E87-AC5C-7BE9D9707DC2}.Debug|x86.ActiveCfg = Debug|Any CPU
		{CF3C5644-74B8-4E87-AC5C-7BE9D9707DC2}.Release|Any CPU.ActiveCfg = Release|Any CPU
		{CF3C5644-74B8-4E87-AC5C-7BE9D9707DC2}.Release|Any CPU.Build.0 = Release|Any CPU
		{CF3C5644-74B8-4E87-AC5C-7BE9D9707DC2}.Release|x86.ActiveCfg = Release|Any CPU
		{CF3C5644-74B8-4E87-AC5C-7BE9D9707DC2}.withoutSqlPods|Any CPU.ActiveCfg = Release|Any CPU
		{CF3C5644-74B8-4E87-AC5C-7BE9D9707DC2}.withoutSqlPods|Any CPU.Build.0 = Release|Any CPU
		{CF3C5644-74B8-4E87-AC5C-7BE9D9707DC2}.withoutSqlPods|x86.ActiveCfg = Release|Any CPU
		{ACD74A50-99EE-4265-A7AF-A1AC7D61E9AA}.Debug|Any CPU.ActiveCfg = Debug|Any CPU
		{ACD74A50-99EE-4265-A7AF-A1AC7D61E9AA}.Debug|Any CPU.Build.0 = Debug|Any CPU
		{ACD74A50-99EE-4265-A7AF-A1AC7D61E9AA}.Debug|x86.ActiveCfg = Debug|Any CPU
		{ACD74A50-99EE-4265-A7AF-A1AC7D61E9AA}.Release|Any CPU.ActiveCfg = Release|Any CPU
		{ACD74A50-99EE-4265-A7AF-A1AC7D61E9AA}.Release|Any CPU.Build.0 = Release|Any CPU
		{ACD74A50-99EE-4265-A7AF-A1AC7D61E9AA}.Release|x86.ActiveCfg = Release|Any CPU
		{ACD74A50-99EE-4265-A7AF-A1AC7D61E9AA}.withoutSqlPods|Any CPU.ActiveCfg = Release|Any CPU
		{ACD74A50-99EE-4265-A7AF-A1AC7D61E9AA}.withoutSqlPods|Any CPU.Build.0 = Release|Any CPU
		{ACD74A50-99EE-4265-A7AF-A1AC7D61E9AA}.withoutSqlPods|x86.ActiveCfg = Release|Any CPU
	EndGlobalSection
	GlobalSection(SolutionProperties) = preSolution
		HideSolutionNode = FALSE
	EndGlobalSection
	GlobalSection(NestedProjects) = preSolution
		{267695E4-247B-4089-BC6B-53062F46E41B} = {26D0640B-478B-43F6-95E9-D36DAF060B43}
		{926D7DED-8957-4621-B8A6-CB54157CAF59} = {26D0640B-478B-43F6-95E9-D36DAF060B43}
		{F5C01644-9689-407E-B0B8-17FD3D99464E} = {26D0640B-478B-43F6-95E9-D36DAF060B43}
	EndGlobalSection
EndGlobal
